PODS:
  - AFNetworking (3.1.0):
    - AFNetworking/NSURLSession (= 3.1.0)
    - AFNetworking/Reachability (= 3.1.0)
    - AFNetworking/Security (= 3.1.0)
    - AFNetworking/Serialization (= 3.1.0)
    - AFNetworking/UIKit (= 3.1.0)
  - AFNetworking/NSURLSession (3.1.0):
    - AFNetworking/Reachability
    - AFNetworking/Security
    - AFNetworking/Serialization
  - AFNetworking/Reachability (3.1.0)
  - AFNetworking/Security (3.1.0)
  - AFNetworking/Serialization (3.1.0)
  - AFNetworking/UIKit (3.1.0):
    - AFNetworking/NSURLSession
  - AFViewShaker (0.0.4)
  - Bolts/Tasks (1.9.0)
  - Braintree/Card (4.14.0):
    - Braintree/Core
  - Braintree/Core (4.14.0)
  - Braintree/PaymentFlow (4.14.0):
    - Braintree/Card
    - Braintree/Core
  - Braintree/UnionPay (4.14.0):
    - Braintree/Card
    - Braintree/Core
  - BraintreeDropIn (6.1.0):
    - BraintreeDropIn/DropIn (= 6.1.0)
  - BraintreeDropIn/DropIn (6.1.0):
    - Braintree/Card (~> 4.11)
    - Braintree/Core (~> 4.11)
    - Braintree/PaymentFlow (~> 4.11)
    - Braintree/UnionPay (~> 4.11)
    - BraintreeDropIn/UIKit
  - BraintreeDropIn/UIKit (6.1.0)
  - CSNotificationView (0.5.4)
  - HanekeSwift (0.10.1)
  - IHKeyboardAvoiding (3.7)
  - "NSDate+RelativeTime (1.0.1)"
  - Parse (1.17.1):
    - Parse/Core (= 1.17.1)
  - Parse/Core (1.17.1):
    - Bolts/Tasks (~> 1.9)
  - PhoneNumberKit (1.2.3):
    - PhoneNumberKit/PhoneNumberKitCore (= 1.2.3)
    - PhoneNumberKit/UIKit (= 1.2.3)
  - PhoneNumberKit/PhoneNumberKitCore (1.2.3)
  - PhoneNumberKit/UIKit (1.2.3):
    - PhoneNumberKit/PhoneNumberKitCore
  - SVProgressHUD (2.1.2)
  - UIImage-Resize (1.0.1)

DEPENDENCIES:
  - AFNetworking (from `https://github.com/AFNetworking/AFNetworking.git`)
  - AFViewShaker (>= 0.0.2)
  - BraintreeDropIn (>= 6.0.0)
  - CSNotificationView (>= 0.5)
  - HanekeSwift (from `https://github.com/Haneke/HanekeSwift.git`)
  - IHKeyboardAvoiding (>= 1.1)
  - "NSDate+RelativeTime (>= 1.0)"
  - Parse (>= 1.15.3)
  - PhoneNumberKit (>= 1.1.1)
  - SVProgressHUD (from `https://github.com/SVProgressHUD/SVProgressHUD.git`)
  - UIImage-Resize (>= 1.0)

SPEC REPOS:
  https://github.com/CocoaPods/Specs.git:
    - AFViewShaker
    - Bolts
    - Braintree
    - BraintreeDropIn
    - CSNotificationView
    - IHKeyboardAvoiding
    - "NSDate+RelativeTime"
    - Parse
    - PhoneNumberKit
    - UIImage-Resize

EXTERNAL SOURCES:
  AFNetworking:
    :git: https://github.com/AFNetworking/AFNetworking.git
  HanekeSwift:
    :git: https://github.com/Haneke/HanekeSwift.git
  SVProgressHUD:
    :git: https://github.com/SVProgressHUD/SVProgressHUD.git

CHECKOUT OPTIONS:
  AFNetworking:
    :commit: 4f3c694920ed0f5d3a8e180aacaf3af40c2efb4a
    :git: https://github.com/AFNetworking/AFNetworking.git
  HanekeSwift:
    :commit: 694d6df380a2a7450754f2910996fdd650964df2
    :git: https://github.com/Haneke/HanekeSwift.git
  SVProgressHUD:
    :commit: bd3f0ab86f8f4084cf6ff09cd1d98bc76456b90b
    :git: https://github.com/SVProgressHUD/SVProgressHUD.git

SPEC CHECKSUMS:
  AFNetworking: 5e0e199f73d8626b11e79750991f5d173d1f8b67
  AFViewShaker: 4296c638c24a037e02727b40d89d8f178df3b3f4
  Bolts: ac6567323eac61e203f6a9763667d0f711be34c8
  Braintree: a538846b544c5785cb0040f86cc97079af74b950
  BraintreeDropIn: 2e8bba4facf6cc925176637030454d8308223b95
  CSNotificationView: 0792f5220163c2befaf1a9716aa3d5a7d6bd4fb1
  HanekeSwift: 4113367892828e7700d24a384027de6ebc79aad1
  IHKeyboardAvoiding: 4c852fae85667469307678c65f14f5cac8a7be92
  "NSDate+RelativeTime": 1b03a562615a4496a826e322096e5792e6706612
  Parse: d3edaf8c7c722cb33cb83ba7821d015ae32d362d
  PhoneNumberKit: 1e5cca669113fc361a8c82ec1ee559c62b8cd0f7
  SVProgressHUD: d65371a8e4482380deddb9fe60e14e59ddb30eb3
  UIImage-Resize: fa776860f10e6900bbaf53a73e494bdceaaccc77

PODFILE CHECKSUM: def4e81fe7c9e2732a603f336cdaa7f367a05fcd

COCOAPODS: 1.5.0
